// !$*UTF8*$!
{
	archiveVersion = 1;
	classes = {
	};
	objectVersion = 46;
	objects = {

/* Begin PBXBuildFile section */
		3CD5D3381EFD47F7008007BF /* AppDelegate.swift in Sources */ = {isa = PBXBuildFile; fileRef = 3CD5D3371EFD47F7008007BF /* AppDelegate.swift */; };
		3CD5D33D1EFD47F7008007BF /* Main.storyboard in Resources */ = {isa = PBXBuildFile; fileRef = 3CD5D33B1EFD47F7008007BF /* Main.storyboard */; };
		3CD5D3421EFD47F7008007BF /* Assets.xcassets in Resources */ = {isa = PBXBuildFile; fileRef = 3CD5D3411EFD47F7008007BF /* Assets.xcassets */; };
		3CD5D3451EFD47F7008007BF /* LaunchScreen.storyboard in Resources */ = {isa = PBXBuildFile; fileRef = 3CD5D3431EFD47F7008007BF /* LaunchScreen.storyboard */; };
		3CD5D3561EFD4995008007BF /* PFUserAdapter.swift in Sources */ = {isa = PBXBuildFile; fileRef = 3CD5D3541EFD4995008007BF /* PFUserAdapter.swift */; };
		3CD5D35A1EFD49A1008007BF /* PFAuthAdapter.swift in Sources */ = {isa = PBXBuildFile; fileRef = 3CD5D3581EFD49A1008007BF /* PFAuthAdapter.swift */; };
		3CD5D35D1EFD49A7008007BF /* PFCloudStorageManager.swift in Sources */ = {isa = PBXBuildFile; fileRef = 3CD5D35C1EFD49A7008007BF /* PFCloudStorageManager.swift */; };
		3CD5D35F1EFD49BB008007BF /* Constants.swift in Sources */ = {isa = PBXBuildFile; fileRef = 3CD5D35E1EFD49BB008007BF /* Constants.swift */; };
		3CD5D3611EFD49C5008007BF /* Other Extensions.swift in Sources */ = {isa = PBXBuildFile; fileRef = 3CD5D3601EFD49C5008007BF /* Other Extensions.swift */; };
		3CD5D3641EFD49F5008007BF /* TaskTracker.xcdatamodeld in Sources */ = {isa = PBXBuildFile; fileRef = 3CD5D3621EFD49F5008007BF /* TaskTracker.xcdatamodeld */; };
		3CD5D3671EFD4CEE008007BF /* GoogleService-Info.plist in Resources */ = {isa = PBXBuildFile; fileRef = 3CD5D3661EFD4CEE008007BF /* GoogleService-Info.plist */; };
		6F0A2D8A35FF5CAF85570326 /* Pods_TaskTracker.framework in Frameworks */ = {isa = PBXBuildFile; fileRef = 909729A70D9F2DF57531D741 /* Pods_TaskTracker.framework */; };
		A20FAD901F052B2300DC0390 /* PFCoreDataManager.swift in Sources */ = {isa = PBXBuildFile; fileRef = A20FAD8F1F052B2300DC0390 /* PFCoreDataManager.swift */; };
		A20FAD921F052B2900DC0390 /* PFFileManager.swift in Sources */ = {isa = PBXBuildFile; fileRef = A20FAD911F052B2900DC0390 /* PFFileManager.swift */; };
		A21CAA8D1F0A8B1800BA6FE8 /* PFTaskGroupFirebaseManager.swift in Sources */ = {isa = PBXBuildFile; fileRef = A21CAA8C1F0A8B1800BA6FE8 /* PFTaskGroupFirebaseManager.swift */; };
		A2226A9A1F024739005ACC9F /* PFFirebaseManager.swift in Sources */ = {isa = PBXBuildFile; fileRef = A2226A991F024739005ACC9F /* PFFirebaseManager.swift */; };
		A2226A9C1F028557005ACC9F /* PFUserFirebaseManager.swift in Sources */ = {isa = PBXBuildFile; fileRef = A2226A9B1F028557005ACC9F /* PFUserFirebaseManager.swift */; };
		A25751631EFD51910003E023 /* PFLoginViewController.swift in Sources */ = {isa = PBXBuildFile; fileRef = A25751621EFD51910003E023 /* PFLoginViewController.swift */; };
		A25751661EFD52AD0003E023 /* PFLoginViewController.storyboard in Resources */ = {isa = PBXBuildFile; fileRef = A25751651EFD52AD0003E023 /* PFLoginViewController.storyboard */; };
		A25751691EFD54F90003E023 /* PFProjectsListViewController.storyboard in Resources */ = {isa = PBXBuildFile; fileRef = A25751681EFD54F90003E023 /* PFProjectsListViewController.storyboard */; };
		A257516B1EFD55240003E023 /* PFProjectsListViewController.swift in Sources */ = {isa = PBXBuildFile; fileRef = A257516A1EFD55240003E023 /* PFProjectsListViewController.swift */; };
		A262CC581F01222700BB7C20 /* PFProjectsListCollectionViewCell.swift in Sources */ = {isa = PBXBuildFile; fileRef = A262CC571F01222700BB7C20 /* PFProjectsListCollectionViewCell.swift */; };
		A29323DB1F06233100EA1959 /* PFTaskAdapter.swift in Sources */ = {isa = PBXBuildFile; fileRef = A29323DA1F06233100EA1959 /* PFTaskAdapter.swift */; };
		A29323DE1F06259E00EA1959 /* PFTaskModel+Converter.swift in Sources */ = {isa = PBXBuildFile; fileRef = A29323DD1F06259E00EA1959 /* PFTaskModel+Converter.swift */; };
		A29323E01F06315100EA1959 /* PFCommentFirebaseManager.swift in Sources */ = {isa = PBXBuildFile; fileRef = A29323DF1F06315100EA1959 /* PFCommentFirebaseManager.swift */; };
		A29323E21F0633E000EA1959 /* PFCommentModel+Converter.swift in Sources */ = {isa = PBXBuildFile; fileRef = A29323E11F0633E000EA1959 /* PFCommentModel+Converter.swift */; };
		A29323E61F06423E00EA1959 /* Heebo.otf in Resources */ = {isa = PBXBuildFile; fileRef = A29323E41F06423E00EA1959 /* Heebo.otf */; };
		A29323E71F06423E00EA1959 /* Proxima Nova Condenced.otf in Resources */ = {isa = PBXBuildFile; fileRef = A29323E51F06423E00EA1959 /* Proxima Nova Condenced.otf */; };
		A2B8EC4D1F0A355E00EFE194 /* PFLeftSlideMenuController.swift in Sources */ = {isa = PBXBuildFile; fileRef = A2B8EC4C1F0A355E00EFE194 /* PFLeftSlideMenuController.swift */; };
		A2B8EC4F1F0A379900EFE194 /* PFLeftTableViewCell.swift in Sources */ = {isa = PBXBuildFile; fileRef = A2B8EC4E1F0A379900EFE194 /* PFLeftTableViewCell.swift */; };
		A2B8EC591F0A387600EFE194 /* String.swift in Sources */ = {isa = PBXBuildFile; fileRef = A2B8EC511F0A387600EFE194 /* String.swift */; };
		A2B8EC5A1F0A387600EFE194 /* UIApplication.swift in Sources */ = {isa = PBXBuildFile; fileRef = A2B8EC521F0A387600EFE194 /* UIApplication.swift */; };
		A2B8EC5B1F0A387600EFE194 /* UIColor.swift in Sources */ = {isa = PBXBuildFile; fileRef = A2B8EC531F0A387600EFE194 /* UIColor.swift */; };
		A2B8EC5C1F0A387600EFE194 /* UIImage.swift in Sources */ = {isa = PBXBuildFile; fileRef = A2B8EC541F0A387600EFE194 /* UIImage.swift */; };
		A2B8EC5D1F0A387600EFE194 /* UIImageView.swift in Sources */ = {isa = PBXBuildFile; fileRef = A2B8EC551F0A387600EFE194 /* UIImageView.swift */; };
		A2B8EC5E1F0A387600EFE194 /* UITableViewExtension.swift in Sources */ = {isa = PBXBuildFile; fileRef = A2B8EC561F0A387600EFE194 /* UITableViewExtension.swift */; };
		A2B8EC5F1F0A387600EFE194 /* UIView.swift in Sources */ = {isa = PBXBuildFile; fileRef = A2B8EC571F0A387600EFE194 /* UIView.swift */; };
		A2B8EC601F0A387600EFE194 /* UIViewController.swift in Sources */ = {isa = PBXBuildFile; fileRef = A2B8EC581F0A387600EFE194 /* UIViewController.swift */; };
		A2B8EC621F0A3CBF00EFE194 /* PFLeftSlideMenuController.storyboard in Resources */ = {isa = PBXBuildFile; fileRef = A2B8EC611F0A3CBF00EFE194 /* PFLeftSlideMenuController.storyboard */; };
		A2B9DB131F04EDF300307AAC /* PFAuthFirebaseManager.swift in Sources */ = {isa = PBXBuildFile; fileRef = A2B9DB121F04EDF300307AAC /* PFAuthFirebaseManager.swift */; };
		A2B9DB321F0500CA00307AAC /* PFProjectFirebaseManager.swift in Sources */ = {isa = PBXBuildFile; fileRef = A2B9DB311F0500CA00307AAC /* PFProjectFirebaseManager.swift */; };
		A2B9DB341F0500E400307AAC /* PFTaskFirebaseManager.swift in Sources */ = {isa = PBXBuildFile; fileRef = A2B9DB331F0500E400307AAC /* PFTaskFirebaseManager.swift */; };
		A2B9DB371F05155900307AAC /* PFCommentModel.swift in Sources */ = {isa = PBXBuildFile; fileRef = A2B9DB351F05155900307AAC /* PFCommentModel.swift */; };
		A2B9DB381F05155900307AAC /* PFCommentModel+CoreDataProperties.swift in Sources */ = {isa = PBXBuildFile; fileRef = A2B9DB361F05155900307AAC /* PFCommentModel+CoreDataProperties.swift */; };
		A2B9DB3B1F05156100307AAC /* PFFileModel.swift in Sources */ = {isa = PBXBuildFile; fileRef = A2B9DB391F05156100307AAC /* PFFileModel.swift */; };
		A2B9DB3C1F05156100307AAC /* PFFileModel+CoreDataProperties.swift in Sources */ = {isa = PBXBuildFile; fileRef = A2B9DB3A1F05156100307AAC /* PFFileModel+CoreDataProperties.swift */; };
		A2B9DB3F1F05156800307AAC /* PFOwnerModel.swift in Sources */ = {isa = PBXBuildFile; fileRef = A2B9DB3D1F05156800307AAC /* PFOwnerModel.swift */; };
		A2B9DB401F05156800307AAC /* PFOwnerModel+CoreDataProperties.swift in Sources */ = {isa = PBXBuildFile; fileRef = A2B9DB3E1F05156800307AAC /* PFOwnerModel+CoreDataProperties.swift */; };
		A2B9DB431F05157000307AAC /* PFProjectModel.swift in Sources */ = {isa = PBXBuildFile; fileRef = A2B9DB411F05157000307AAC /* PFProjectModel.swift */; };
		A2B9DB441F05157000307AAC /* PFProjectModel+CoreDataProperties.swift in Sources */ = {isa = PBXBuildFile; fileRef = A2B9DB421F05157000307AAC /* PFProjectModel+CoreDataProperties.swift */; };
		A2B9DB471F05157700307AAC /* PFTaskGroupModel.swift in Sources */ = {isa = PBXBuildFile; fileRef = A2B9DB451F05157700307AAC /* PFTaskGroupModel.swift */; };
		A2B9DB481F05157700307AAC /* PFTaskGroupModel+CoreDataProperties.swift in Sources */ = {isa = PBXBuildFile; fileRef = A2B9DB461F05157700307AAC /* PFTaskGroupModel+CoreDataProperties.swift */; };
		A2B9DB4B1F05157D00307AAC /* PFTaskModel.swift in Sources */ = {isa = PBXBuildFile; fileRef = A2B9DB491F05157D00307AAC /* PFTaskModel.swift */; };
		A2B9DB4C1F05157D00307AAC /* PFTaskModel+CoreDataProperties.swift in Sources */ = {isa = PBXBuildFile; fileRef = A2B9DB4A1F05157D00307AAC /* PFTaskModel+CoreDataProperties.swift */; };
		A2B9DB4F1F05158200307AAC /* PFUserModel.swift in Sources */ = {isa = PBXBuildFile; fileRef = A2B9DB4D1F05158200307AAC /* PFUserModel.swift */; };
		A2B9DB501F05158200307AAC /* PFUserModel+CoreDataProperties.swift in Sources */ = {isa = PBXBuildFile; fileRef = A2B9DB4E1F05158200307AAC /* PFUserModel+CoreDataProperties.swift */; };
/* End PBXBuildFile section */

/* Begin PBXFileReference section */
		3CD5D3341EFD47F7008007BF /* TaskTracker.app */ = {isa = PBXFileReference; explicitFileType = wrapper.application; includeInIndex = 0; path = TaskTracker.app; sourceTree = BUILT_PRODUCTS_DIR; };
		3CD5D3371EFD47F7008007BF /* AppDelegate.swift */ = {isa = PBXFileReference; lastKnownFileType = sourcecode.swift; path = AppDelegate.swift; sourceTree = "<group>"; };
		3CD5D33C1EFD47F7008007BF /* Base */ = {isa = PBXFileReference; lastKnownFileType = file.storyboard; name = Base; path = Base.lproj/Main.storyboard; sourceTree = "<group>"; };
		3CD5D3411EFD47F7008007BF /* Assets.xcassets */ = {isa = PBXFileReference; lastKnownFileType = folder.assetcatalog; path = Assets.xcassets; sourceTree = "<group>"; };
		3CD5D3441EFD47F7008007BF /* Base */ = {isa = PBXFileReference; lastKnownFileType = file.storyboard; name = Base; path = Base.lproj/LaunchScreen.storyboard; sourceTree = "<group>"; };
		3CD5D3461EFD47F7008007BF /* Info.plist */ = {isa = PBXFileReference; lastKnownFileType = text.plist.xml; path = Info.plist; sourceTree = "<group>"; };
		3CD5D3541EFD4995008007BF /* PFUserAdapter.swift */ = {isa = PBXFileReference; fileEncoding = 4; lastKnownFileType = sourcecode.swift; name = PFUserAdapter.swift; path = Adapters/PFAccountAdapter/PFUserAdapter.swift; sourceTree = "<group>"; };
		3CD5D3581EFD49A1008007BF /* PFAuthAdapter.swift */ = {isa = PBXFileReference; fileEncoding = 4; lastKnownFileType = sourcecode.swift; name = PFAuthAdapter.swift; path = Adapters/PFAuthAdapter/PFAuthAdapter.swift; sourceTree = "<group>"; };
		3CD5D35C1EFD49A7008007BF /* PFCloudStorageManager.swift */ = {isa = PBXFileReference; fileEncoding = 4; lastKnownFileType = sourcecode.swift; name = PFCloudStorageManager.swift; path = Adapters/PFCloudStorageAdapter/PFCloudStorageManager.swift; sourceTree = "<group>"; };
		3CD5D35E1EFD49BB008007BF /* Constants.swift */ = {isa = PBXFileReference; fileEncoding = 4; lastKnownFileType = sourcecode.swift; name = Constants.swift; path = Constatns/Constants.swift; sourceTree = "<group>"; };
		3CD5D3601EFD49C5008007BF /* Other Extensions.swift */ = {isa = PBXFileReference; fileEncoding = 4; lastKnownFileType = sourcecode.swift; name = "Other Extensions.swift"; path = "Extensions/Other Extensions.swift"; sourceTree = "<group>"; };
		3CD5D3631EFD49F5008007BF /* TaskTracker.xcdatamodel */ = {isa = PBXFileReference; lastKnownFileType = wrapper.xcdatamodel; path = TaskTracker.xcdatamodel; sourceTree = "<group>"; };
		3CD5D3651EFD4B9E008007BF /* TaskTracker.entitlements */ = {isa = PBXFileReference; lastKnownFileType = text.plist.entitlements; path = TaskTracker.entitlements; sourceTree = "<group>"; };
		3CD5D3661EFD4CEE008007BF /* GoogleService-Info.plist */ = {isa = PBXFileReference; fileEncoding = 4; lastKnownFileType = text.plist.xml; path = "GoogleService-Info.plist"; sourceTree = "<group>"; };
		909729A70D9F2DF57531D741 /* Pods_TaskTracker.framework */ = {isa = PBXFileReference; explicitFileType = wrapper.framework; includeInIndex = 0; path = Pods_TaskTracker.framework; sourceTree = BUILT_PRODUCTS_DIR; };
		A20FAD8F1F052B2300DC0390 /* PFCoreDataManager.swift */ = {isa = PBXFileReference; fileEncoding = 4; lastKnownFileType = sourcecode.swift; name = PFCoreDataManager.swift; path = Managers/PFCoreDataManager.swift; sourceTree = "<group>"; };
		A20FAD911F052B2900DC0390 /* PFFileManager.swift */ = {isa = PBXFileReference; fileEncoding = 4; lastKnownFileType = sourcecode.swift; name = PFFileManager.swift; path = Managers/PFFileManager.swift; sourceTree = "<group>"; };
		A21CAA8C1F0A8B1800BA6FE8 /* PFTaskGroupFirebaseManager.swift */ = {isa = PBXFileReference; fileEncoding = 4; lastKnownFileType = sourcecode.swift; name = PFTaskGroupFirebaseManager.swift; path = Managers/PFTaskGroupFirebaseManager.swift; sourceTree = "<group>"; };
		A2226A991F024739005ACC9F /* PFFirebaseManager.swift */ = {isa = PBXFileReference; fileEncoding = 4; lastKnownFileType = sourcecode.swift; name = PFFirebaseManager.swift; path = Managers/PFFirebaseManager.swift; sourceTree = "<group>"; };
		A2226A9B1F028557005ACC9F /* PFUserFirebaseManager.swift */ = {isa = PBXFileReference; fileEncoding = 4; lastKnownFileType = sourcecode.swift; name = PFUserFirebaseManager.swift; path = Managers/PFUserFirebaseManager.swift; sourceTree = "<group>"; };
		A25751621EFD51910003E023 /* PFLoginViewController.swift */ = {isa = PBXFileReference; fileEncoding = 4; lastKnownFileType = sourcecode.swift; path = PFLoginViewController.swift; sourceTree = "<group>"; };
		A25751651EFD52AD0003E023 /* PFLoginViewController.storyboard */ = {isa = PBXFileReference; fileEncoding = 4; lastKnownFileType = file.storyboard; path = PFLoginViewController.storyboard; sourceTree = "<group>"; };
		A25751681EFD54F90003E023 /* PFProjectsListViewController.storyboard */ = {isa = PBXFileReference; fileEncoding = 4; lastKnownFileType = file.storyboard; name = PFProjectsListViewController.storyboard; path = Controllers/PFProjectsListViewController/PFProjectsListViewController.storyboard; sourceTree = "<group>"; };
		A257516A1EFD55240003E023 /* PFProjectsListViewController.swift */ = {isa = PBXFileReference; fileEncoding = 4; lastKnownFileType = sourcecode.swift; name = PFProjectsListViewController.swift; path = Controllers/PFProjectsListViewController/PFProjectsListViewController.swift; sourceTree = "<group>"; };
		A262CC571F01222700BB7C20 /* PFProjectsListCollectionViewCell.swift */ = {isa = PBXFileReference; fileEncoding = 4; lastKnownFileType = sourcecode.swift; name = PFProjectsListCollectionViewCell.swift; path = Controllers/PFProjectsListViewController/PFProjectsListCollectionViewCell.swift; sourceTree = "<group>"; };
		A29323DA1F06233100EA1959 /* PFTaskAdapter.swift */ = {isa = PBXFileReference; fileEncoding = 4; lastKnownFileType = sourcecode.swift; name = PFTaskAdapter.swift; path = Adapters/PFTaskAdapter/PFTaskAdapter.swift; sourceTree = "<group>"; };
		A29323DD1F06259E00EA1959 /* PFTaskModel+Converter.swift */ = {isa = PBXFileReference; fileEncoding = 4; lastKnownFileType = sourcecode.swift; name = "PFTaskModel+Converter.swift"; path = "Extensions/PFTaskModel+Converter.swift"; sourceTree = "<group>"; };
		A29323DF1F06315100EA1959 /* PFCommentFirebaseManager.swift */ = {isa = PBXFileReference; fileEncoding = 4; lastKnownFileType = sourcecode.swift; name = PFCommentFirebaseManager.swift; path = Managers/PFCommentFirebaseManager.swift; sourceTree = "<group>"; };
		A29323E11F0633E000EA1959 /* PFCommentModel+Converter.swift */ = {isa = PBXFileReference; fileEncoding = 4; lastKnownFileType = sourcecode.swift; name = "PFCommentModel+Converter.swift"; path = "Extensions/PFCommentModel+Converter.swift"; sourceTree = "<group>"; };
		A29323E41F06423E00EA1959 /* Heebo.otf */ = {isa = PBXFileReference; lastKnownFileType = file; name = Heebo.otf; path = Fonts/Heebo.otf; sourceTree = "<group>"; };
		A29323E51F06423E00EA1959 /* Proxima Nova Condenced.otf */ = {isa = PBXFileReference; lastKnownFileType = file; name = "Proxima Nova Condenced.otf"; path = "Fonts/Proxima Nova Condenced.otf"; sourceTree = "<group>"; };
		A2B8EC4C1F0A355E00EFE194 /* PFLeftSlideMenuController.swift */ = {isa = PBXFileReference; fileEncoding = 4; lastKnownFileType = sourcecode.swift; name = PFLeftSlideMenuController.swift; path = Controllers/PFLeftSlideMenuController/PFLeftSlideMenuController.swift; sourceTree = "<group>"; };
		A2B8EC4E1F0A379900EFE194 /* PFLeftTableViewCell.swift */ = {isa = PBXFileReference; fileEncoding = 4; lastKnownFileType = sourcecode.swift; name = PFLeftTableViewCell.swift; path = Controllers/PFLeftSlideMenuController/PFLeftTableViewCell.swift; sourceTree = "<group>"; };
		A2B8EC511F0A387600EFE194 /* String.swift */ = {isa = PBXFileReference; fileEncoding = 4; lastKnownFileType = sourcecode.swift; name = String.swift; path = Extensions/SlideMenuControllerSwiftExtensions/String.swift; sourceTree = "<group>"; };
		A2B8EC521F0A387600EFE194 /* UIApplication.swift */ = {isa = PBXFileReference; fileEncoding = 4; lastKnownFileType = sourcecode.swift; name = UIApplication.swift; path = Extensions/SlideMenuControllerSwiftExtensions/UIApplication.swift; sourceTree = "<group>"; };
		A2B8EC531F0A387600EFE194 /* UIColor.swift */ = {isa = PBXFileReference; fileEncoding = 4; lastKnownFileType = sourcecode.swift; name = UIColor.swift; path = Extensions/SlideMenuControllerSwiftExtensions/UIColor.swift; sourceTree = "<group>"; };
		A2B8EC541F0A387600EFE194 /* UIImage.swift */ = {isa = PBXFileReference; fileEncoding = 4; lastKnownFileType = sourcecode.swift; name = UIImage.swift; path = Extensions/SlideMenuControllerSwiftExtensions/UIImage.swift; sourceTree = "<group>"; };
		A2B8EC551F0A387600EFE194 /* UIImageView.swift */ = {isa = PBXFileReference; fileEncoding = 4; lastKnownFileType = sourcecode.swift; name = UIImageView.swift; path = Extensions/SlideMenuControllerSwiftExtensions/UIImageView.swift; sourceTree = "<group>"; };
		A2B8EC561F0A387600EFE194 /* UITableViewExtension.swift */ = {isa = PBXFileReference; fileEncoding = 4; lastKnownFileType = sourcecode.swift; name = UITableViewExtension.swift; path = Extensions/SlideMenuControllerSwiftExtensions/UITableViewExtension.swift; sourceTree = "<group>"; };
		A2B8EC571F0A387600EFE194 /* UIView.swift */ = {isa = PBXFileReference; fileEncoding = 4; lastKnownFileType = sourcecode.swift; name = UIView.swift; path = Extensions/SlideMenuControllerSwiftExtensions/UIView.swift; sourceTree = "<group>"; };
		A2B8EC581F0A387600EFE194 /* UIViewController.swift */ = {isa = PBXFileReference; fileEncoding = 4; lastKnownFileType = sourcecode.swift; name = UIViewController.swift; path = Extensions/SlideMenuControllerSwiftExtensions/UIViewController.swift; sourceTree = "<group>"; };
		A2B8EC611F0A3CBF00EFE194 /* PFLeftSlideMenuController.storyboard */ = {isa = PBXFileReference; fileEncoding = 4; lastKnownFileType = file.storyboard; name = PFLeftSlideMenuController.storyboard; path = Controllers/PFLeftSlideMenuController/PFLeftSlideMenuController.storyboard; sourceTree = "<group>"; };
		A2B9DB121F04EDF300307AAC /* PFAuthFirebaseManager.swift */ = {isa = PBXFileReference; fileEncoding = 4; lastKnownFileType = sourcecode.swift; name = PFAuthFirebaseManager.swift; path = Managers/PFAuthFirebaseManager.swift; sourceTree = "<group>"; };
		A2B9DB311F0500CA00307AAC /* PFProjectFirebaseManager.swift */ = {isa = PBXFileReference; fileEncoding = 4; lastKnownFileType = sourcecode.swift; name = PFProjectFirebaseManager.swift; path = Managers/PFProjectFirebaseManager.swift; sourceTree = "<group>"; };
		A2B9DB331F0500E400307AAC /* PFTaskFirebaseManager.swift */ = {isa = PBXFileReference; fileEncoding = 4; lastKnownFileType = sourcecode.swift; name = PFTaskFirebaseManager.swift; path = Managers/PFTaskFirebaseManager.swift; sourceTree = "<group>"; };
		A2B9DB351F05155900307AAC /* PFCommentModel.swift */ = {isa = PBXFileReference; fileEncoding = 4; lastKnownFileType = sourcecode.swift; name = PFCommentModel.swift; path = Models/PFCommentModel/PFCommentModel.swift; sourceTree = "<group>"; };
		A2B9DB361F05155900307AAC /* PFCommentModel+CoreDataProperties.swift */ = {isa = PBXFileReference; fileEncoding = 4; lastKnownFileType = sourcecode.swift; name = "PFCommentModel+CoreDataProperties.swift"; path = "Models/PFCommentModel/PFCommentModel+CoreDataProperties.swift"; sourceTree = "<group>"; };
		A2B9DB391F05156100307AAC /* PFFileModel.swift */ = {isa = PBXFileReference; fileEncoding = 4; lastKnownFileType = sourcecode.swift; name = PFFileModel.swift; path = Models/PFFileModel/PFFileModel.swift; sourceTree = "<group>"; };
		A2B9DB3A1F05156100307AAC /* PFFileModel+CoreDataProperties.swift */ = {isa = PBXFileReference; fileEncoding = 4; lastKnownFileType = sourcecode.swift; name = "PFFileModel+CoreDataProperties.swift"; path = "Models/PFFileModel/PFFileModel+CoreDataProperties.swift"; sourceTree = "<group>"; };
		A2B9DB3D1F05156800307AAC /* PFOwnerModel.swift */ = {isa = PBXFileReference; fileEncoding = 4; lastKnownFileType = sourcecode.swift; name = PFOwnerModel.swift; path = Models/PFOwnerModel/PFOwnerModel.swift; sourceTree = "<group>"; };
		A2B9DB3E1F05156800307AAC /* PFOwnerModel+CoreDataProperties.swift */ = {isa = PBXFileReference; fileEncoding = 4; lastKnownFileType = sourcecode.swift; name = "PFOwnerModel+CoreDataProperties.swift"; path = "Models/PFOwnerModel/PFOwnerModel+CoreDataProperties.swift"; sourceTree = "<group>"; };
		A2B9DB411F05157000307AAC /* PFProjectModel.swift */ = {isa = PBXFileReference; fileEncoding = 4; lastKnownFileType = sourcecode.swift; name = PFProjectModel.swift; path = Models/PFProjectModel/PFProjectModel.swift; sourceTree = "<group>"; };
		A2B9DB421F05157000307AAC /* PFProjectModel+CoreDataProperties.swift */ = {isa = PBXFileReference; fileEncoding = 4; lastKnownFileType = sourcecode.swift; name = "PFProjectModel+CoreDataProperties.swift"; path = "Models/PFProjectModel/PFProjectModel+CoreDataProperties.swift"; sourceTree = "<group>"; };
		A2B9DB451F05157700307AAC /* PFTaskGroupModel.swift */ = {isa = PBXFileReference; fileEncoding = 4; lastKnownFileType = sourcecode.swift; name = PFTaskGroupModel.swift; path = Models/PFTaskGroup/PFTaskGroupModel.swift; sourceTree = "<group>"; };
		A2B9DB461F05157700307AAC /* PFTaskGroupModel+CoreDataProperties.swift */ = {isa = PBXFileReference; fileEncoding = 4; lastKnownFileType = sourcecode.swift; name = "PFTaskGroupModel+CoreDataProperties.swift"; path = "Models/PFTaskGroup/PFTaskGroupModel+CoreDataProperties.swift"; sourceTree = "<group>"; };
		A2B9DB491F05157D00307AAC /* PFTaskModel.swift */ = {isa = PBXFileReference; fileEncoding = 4; lastKnownFileType = sourcecode.swift; name = PFTaskModel.swift; path = Models/PFTaskModel/PFTaskModel.swift; sourceTree = "<group>"; };
		A2B9DB4A1F05157D00307AAC /* PFTaskModel+CoreDataProperties.swift */ = {isa = PBXFileReference; fileEncoding = 4; lastKnownFileType = sourcecode.swift; name = "PFTaskModel+CoreDataProperties.swift"; path = "Models/PFTaskModel/PFTaskModel+CoreDataProperties.swift"; sourceTree = "<group>"; };
		A2B9DB4D1F05158200307AAC /* PFUserModel.swift */ = {isa = PBXFileReference; fileEncoding = 4; lastKnownFileType = sourcecode.swift; name = PFUserModel.swift; path = Models/PFUserModel/PFUserModel.swift; sourceTree = "<group>"; };
		A2B9DB4E1F05158200307AAC /* PFUserModel+CoreDataProperties.swift */ = {isa = PBXFileReference; fileEncoding = 4; lastKnownFileType = sourcecode.swift; name = "PFUserModel+CoreDataProperties.swift"; path = "Models/PFUserModel/PFUserModel+CoreDataProperties.swift"; sourceTree = "<group>"; };
		C1437242EC1604DC57E187A6 /* Pods-TaskTracker.debug.xcconfig */ = {isa = PBXFileReference; includeInIndex = 1; lastKnownFileType = text.xcconfig; name = "Pods-TaskTracker.debug.xcconfig"; path = "Pods/Target Support Files/Pods-TaskTracker/Pods-TaskTracker.debug.xcconfig"; sourceTree = "<group>"; };
		F11261E8B0D9751043C4CAE1 /* Pods-TaskTracker.release.xcconfig */ = {isa = PBXFileReference; includeInIndex = 1; lastKnownFileType = text.xcconfig; name = "Pods-TaskTracker.release.xcconfig"; path = "Pods/Target Support Files/Pods-TaskTracker/Pods-TaskTracker.release.xcconfig"; sourceTree = "<group>"; };
/* End PBXFileReference section */

/* Begin PBXFrameworksBuildPhase section */
		3CD5D3311EFD47F7008007BF /* Frameworks */ = {
			isa = PBXFrameworksBuildPhase;
			buildActionMask = 2147483647;
			files = (
				6F0A2D8A35FF5CAF85570326 /* Pods_TaskTracker.framework in Frameworks */,
			);
			runOnlyForDeploymentPostprocessing = 0;
		};
/* End PBXFrameworksBuildPhase section */

/* Begin PBXGroup section */
		3C3210831F014C02004A50BD /* PFOwnerModel */ = {
			isa = PBXGroup;
			children = (
				A2B9DB3D1F05156800307AAC /* PFOwnerModel.swift */,
				A2B9DB3E1F05156800307AAC /* PFOwnerModel+CoreDataProperties.swift */,
			);
			name = PFOwnerModel;
			sourceTree = "<group>";
		};
		3C3210841F014C0F004A50BD /* PFFileModel */ = {
			isa = PBXGroup;
			children = (
				A2B9DB391F05156100307AAC /* PFFileModel.swift */,
				A2B9DB3A1F05156100307AAC /* PFFileModel+CoreDataProperties.swift */,
			);
			name = PFFileModel;
			sourceTree = "<group>";
		};
		3C3210851F014C11004A50BD /* PFCommentModel */ = {
			isa = PBXGroup;
			children = (
				A2B9DB351F05155900307AAC /* PFCommentModel.swift */,
				A2B9DB361F05155900307AAC /* PFCommentModel+CoreDataProperties.swift */,
			);
			name = PFCommentModel;
			sourceTree = "<group>";
		};
		3C3210861F014C12004A50BD /* PFProjectModel */ = {
			isa = PBXGroup;
			children = (
				A2B9DB411F05157000307AAC /* PFProjectModel.swift */,
				A2B9DB421F05157000307AAC /* PFProjectModel+CoreDataProperties.swift */,
			);
			name = PFProjectModel;
			sourceTree = "<group>";
		};
		3C3210871F014C14004A50BD /* PFTaskModel */ = {
			isa = PBXGroup;
			children = (
				A2B9DB491F05157D00307AAC /* PFTaskModel.swift */,
				A2B9DB4A1F05157D00307AAC /* PFTaskModel+CoreDataProperties.swift */,
			);
			name = PFTaskModel;
			sourceTree = "<group>";
		};
		3C3210881F014C15004A50BD /* PFUserModel */ = {
			isa = PBXGroup;
			children = (
				A2B9DB4D1F05158200307AAC /* PFUserModel.swift */,
				A2B9DB4E1F05158200307AAC /* PFUserModel+CoreDataProperties.swift */,
			);
			name = PFUserModel;
			sourceTree = "<group>";
		};
		3CD5D32B1EFD47F7008007BF = {
			isa = PBXGroup;
			children = (
				3CD5D3361EFD47F7008007BF /* TaskTracker */,
				3CD5D3351EFD47F7008007BF /* Products */,
				FAE742150BCAE34E6B8CDDDE /* Pods */,
				58FCDDC2588092DB45B460E8 /* Frameworks */,
			);
			sourceTree = "<group>";
		};
		3CD5D3351EFD47F7008007BF /* Products */ = {
			isa = PBXGroup;
			children = (
				3CD5D3341EFD47F7008007BF /* TaskTracker.app */,
			);
			name = Products;
			sourceTree = "<group>";
		};
		3CD5D3361EFD47F7008007BF /* TaskTracker */ = {
			isa = PBXGroup;
			children = (
				A2226A981F0246F6005ACC9F /* Managers */,
				A25751611EFD516F0003E023 /* Controllers */,
				3CD5D3501EFD48EA008007BF /* Adapters */,
				3CD5D34F1EFD4876008007BF /* Constants */,
				3CD5D34E1EFD4870008007BF /* Models */,
				3CD5D34D1EFD484A008007BF /* Extensions */,
				3CD5D34C1EFD483F008007BF /* Res */,
			);
			path = TaskTracker;
			sourceTree = "<group>";
		};
		3CD5D34C1EFD483F008007BF /* Res */ = {
			isa = PBXGroup;
			children = (
				A29323E31F06421500EA1959 /* Fonts */,
				3CD5D3651EFD4B9E008007BF /* TaskTracker.entitlements */,
				3CD5D3661EFD4CEE008007BF /* GoogleService-Info.plist */,
				3CD5D3371EFD47F7008007BF /* AppDelegate.swift */,
				3CD5D33B1EFD47F7008007BF /* Main.storyboard */,
				3CD5D3411EFD47F7008007BF /* Assets.xcassets */,
				3CD5D3431EFD47F7008007BF /* LaunchScreen.storyboard */,
				3CD5D3461EFD47F7008007BF /* Info.plist */,
			);
			name = Res;
			sourceTree = "<group>";
		};
		3CD5D34D1EFD484A008007BF /* Extensions */ = {
			isa = PBXGroup;
			children = (
				A2B8EC501F0A380A00EFE194 /* SlideMenuControllerSwiftExtensions */,
				3CD5D3601EFD49C5008007BF /* Other Extensions.swift */,
				A29323DD1F06259E00EA1959 /* PFTaskModel+Converter.swift */,
				A29323E11F0633E000EA1959 /* PFCommentModel+Converter.swift */,
			);
			name = Extensions;
			sourceTree = "<group>";
		};
		3CD5D34E1EFD4870008007BF /* Models */ = {
			isa = PBXGroup;
			children = (
				A2B9DB141F04F10100307AAC /* PFTaskGroupModel */,
				3C3210881F014C15004A50BD /* PFUserModel */,
				3C3210871F014C14004A50BD /* PFTaskModel */,
				3C3210861F014C12004A50BD /* PFProjectModel */,
				3C3210851F014C11004A50BD /* PFCommentModel */,
				3C3210841F014C0F004A50BD /* PFFileModel */,
				3C3210831F014C02004A50BD /* PFOwnerModel */,
				3CD5D3621EFD49F5008007BF /* TaskTracker.xcdatamodeld */,
			);
			name = Models;
			sourceTree = "<group>";
		};
		3CD5D34F1EFD4876008007BF /* Constants */ = {
			isa = PBXGroup;
			children = (
				3CD5D35E1EFD49BB008007BF /* Constants.swift */,
			);
			name = Constants;
			sourceTree = "<group>";
		};
		3CD5D3501EFD48EA008007BF /* Adapters */ = {
			isa = PBXGroup;
			children = (
				A21CAA8B1F0A854800BA6FE8 /* PFProjectAdapter */,
				A29323D81F06231500EA1959 /* PFTaskAdapter */,
				3CD5D3531EFD491D008007BF /* PFUserAdapter */,
				3CD5D3521EFD4915008007BF /* PFAuthAdapter */,
				3CD5D3511EFD4905008007BF /* PFCloudStorageAdapter */,
			);
			name = Adapters;
			sourceTree = "<group>";
		};
		3CD5D3511EFD4905008007BF /* PFCloudStorageAdapter */ = {
			isa = PBXGroup;
			children = (
				3CD5D35C1EFD49A7008007BF /* PFCloudStorageManager.swift */,
			);
			name = PFCloudStorageAdapter;
			sourceTree = "<group>";
		};
		3CD5D3521EFD4915008007BF /* PFAuthAdapter */ = {
			isa = PBXGroup;
			children = (
				3CD5D3581EFD49A1008007BF /* PFAuthAdapter.swift */,
			);
			name = PFAuthAdapter;
			sourceTree = "<group>";
		};
		3CD5D3531EFD491D008007BF /* PFUserAdapter */ = {
			isa = PBXGroup;
			children = (
				3CD5D3541EFD4995008007BF /* PFUserAdapter.swift */,
			);
			name = PFUserAdapter;
			sourceTree = "<group>";
		};
		58FCDDC2588092DB45B460E8 /* Frameworks */ = {
			isa = PBXGroup;
			children = (
				909729A70D9F2DF57531D741 /* Pods_TaskTracker.framework */,
			);
			name = Frameworks;
			sourceTree = "<group>";
		};
		A21CAA8B1F0A854800BA6FE8 /* PFProjectAdapter */ = {
			isa = PBXGroup;
			children = (
			);
			name = PFProjectAdapter;
			sourceTree = "<group>";
		};
		A2226A981F0246F6005ACC9F /* Managers */ = {
			isa = PBXGroup;
			children = (
				A2226A991F024739005ACC9F /* PFFirebaseManager.swift */,
				A2B9DB121F04EDF300307AAC /* PFAuthFirebaseManager.swift */,
				A2226A9B1F028557005ACC9F /* PFUserFirebaseManager.swift */,
				A2B9DB311F0500CA00307AAC /* PFProjectFirebaseManager.swift */,
				A2B9DB331F0500E400307AAC /* PFTaskFirebaseManager.swift */,
				A29323DF1F06315100EA1959 /* PFCommentFirebaseManager.swift */,
				A20FAD911F052B2900DC0390 /* PFFileManager.swift */,
				A20FAD8F1F052B2300DC0390 /* PFCoreDataManager.swift */,
				A21CAA8C1F0A8B1800BA6FE8 /* PFTaskGroupFirebaseManager.swift */,
			);
			name = Managers;
			sourceTree = "<group>";
		};
		A25751611EFD516F0003E023 /* Controllers */ = {
			isa = PBXGroup;
			children = (
				A2B8EC481F0A2EEC00EFE194 /* PFLeftSlideMenuController */,
				A25751671EFD54D40003E023 /* PFProjectsListViewController */,
				A25751641EFD528B0003E023 /* PFLoginViewController */,
			);
			name = Controllers;
			sourceTree = "<group>";
		};
		A25751641EFD528B0003E023 /* PFLoginViewController */ = {
			isa = PBXGroup;
			children = (
				A25751651EFD52AD0003E023 /* PFLoginViewController.storyboard */,
				A25751621EFD51910003E023 /* PFLoginViewController.swift */,
			);
			name = PFLoginViewController;
			path = Controllers/PFLoginViewController;
			sourceTree = "<group>";
		};
		A25751671EFD54D40003E023 /* PFProjectsListViewController */ = {
			isa = PBXGroup;
			children = (
				A25751681EFD54F90003E023 /* PFProjectsListViewController.storyboard */,
				A257516A1EFD55240003E023 /* PFProjectsListViewController.swift */,
				A262CC571F01222700BB7C20 /* PFProjectsListCollectionViewCell.swift */,
			);
			name = PFProjectsListViewController;
			sourceTree = "<group>";
		};
		A29323D81F06231500EA1959 /* PFTaskAdapter */ = {
			isa = PBXGroup;
			children = (
				A29323DA1F06233100EA1959 /* PFTaskAdapter.swift */,
			);
			name = PFTaskAdapter;
			sourceTree = "<group>";
		};
		A29323E31F06421500EA1959 /* Fonts */ = {
			isa = PBXGroup;
			children = (
				A29323E41F06423E00EA1959 /* Heebo.otf */,
				A29323E51F06423E00EA1959 /* Proxima Nova Condenced.otf */,
			);
			name = Fonts;
			sourceTree = "<group>";
		};
		A2B8EC481F0A2EEC00EFE194 /* PFLeftSlideMenuController */ = {
			isa = PBXGroup;
			children = (
				A2B8EC4E1F0A379900EFE194 /* PFLeftTableViewCell.swift */,
				A2B8EC4C1F0A355E00EFE194 /* PFLeftSlideMenuController.swift */,
				A2B8EC611F0A3CBF00EFE194 /* PFLeftSlideMenuController.storyboard */,
			);
			name = PFLeftSlideMenuController;
			sourceTree = "<group>";
		};
		A2B8EC501F0A380A00EFE194 /* SlideMenuControllerSwiftExtensions */ = {
			isa = PBXGroup;
			children = (
				A2B8EC511F0A387600EFE194 /* String.swift */,
				A2B8EC521F0A387600EFE194 /* UIApplication.swift */,
				A2B8EC531F0A387600EFE194 /* UIColor.swift */,
				A2B8EC541F0A387600EFE194 /* UIImage.swift */,
				A2B8EC551F0A387600EFE194 /* UIImageView.swift */,
				A2B8EC561F0A387600EFE194 /* UITableViewExtension.swift */,
				A2B8EC571F0A387600EFE194 /* UIView.swift */,
				A2B8EC581F0A387600EFE194 /* UIViewController.swift */,
			);
			name = SlideMenuControllerSwiftExtensions;
			sourceTree = "<group>";
		};
		A2B9DB141F04F10100307AAC /* PFTaskGroupModel */ = {
			isa = PBXGroup;
			children = (
				A2B9DB451F05157700307AAC /* PFTaskGroupModel.swift */,
				A2B9DB461F05157700307AAC /* PFTaskGroupModel+CoreDataProperties.swift */,
			);
			name = PFTaskGroupModel;
			sourceTree = "<group>";
		};
		FAE742150BCAE34E6B8CDDDE /* Pods */ = {
			isa = PBXGroup;
			children = (
				C1437242EC1604DC57E187A6 /* Pods-TaskTracker.debug.xcconfig */,
				F11261E8B0D9751043C4CAE1 /* Pods-TaskTracker.release.xcconfig */,
			);
			name = Pods;
			sourceTree = "<group>";
		};
/* End PBXGroup section */

/* Begin PBXNativeTarget section */
		3CD5D3331EFD47F7008007BF /* TaskTracker */ = {
			isa = PBXNativeTarget;
			buildConfigurationList = 3CD5D3491EFD47F7008007BF /* Build configuration list for PBXNativeTarget "TaskTracker" */;
			buildPhases = (
				62590AB2E823790A922FE667 /* [CP] Check Pods Manifest.lock */,
				3CD5D3301EFD47F7008007BF /* Sources */,
				3CD5D3311EFD47F7008007BF /* Frameworks */,
				3CD5D3321EFD47F7008007BF /* Resources */,
				DE23F89DD9F71F9D74D47326 /* [CP] Embed Pods Frameworks */,
				47A08C44A81296FD640DADFE /* [CP] Copy Pods Resources */,
			);
			buildRules = (
			);
			dependencies = (
			);
			name = TaskTracker;
			productName = TaskTracker;
			productReference = 3CD5D3341EFD47F7008007BF /* TaskTracker.app */;
			productType = "com.apple.product-type.application";
		};
/* End PBXNativeTarget section */

/* Begin PBXProject section */
		3CD5D32C1EFD47F7008007BF /* Project object */ = {
			isa = PBXProject;
			attributes = {
				LastSwiftUpdateCheck = 0830;
				LastUpgradeCheck = 0830;
				ORGANIZATIONNAME = Perfectorium;
				TargetAttributes = {
					3CD5D3331EFD47F7008007BF = {
						CreatedOnToolsVersion = 8.3.2;
						DevelopmentTeam = X8R96VPB27;
						ProvisioningStyle = Automatic;
						SystemCapabilities = {
							com.apple.SafariKeychain = {
								enabled = 1;
							};
						};
					};
				};
			};
			buildConfigurationList = 3CD5D32F1EFD47F7008007BF /* Build configuration list for PBXProject "TaskTracker" */;
			compatibilityVersion = "Xcode 3.2";
			developmentRegion = English;
			hasScannedForEncodings = 0;
			knownRegions = (
				en,
				Base,
			);
			mainGroup = 3CD5D32B1EFD47F7008007BF;
			productRefGroup = 3CD5D3351EFD47F7008007BF /* Products */;
			projectDirPath = "";
			projectRoot = "";
			targets = (
				3CD5D3331EFD47F7008007BF /* TaskTracker */,
			);
		};
/* End PBXProject section */

/* Begin PBXResourcesBuildPhase section */
		3CD5D3321EFD47F7008007BF /* Resources */ = {
			isa = PBXResourcesBuildPhase;
			buildActionMask = 2147483647;
			files = (
				A2B8EC621F0A3CBF00EFE194 /* PFLeftSlideMenuController.storyboard in Resources */,
				A29323E71F06423E00EA1959 /* Proxima Nova Condenced.otf in Resources */,
				3CD5D3451EFD47F7008007BF /* LaunchScreen.storyboard in Resources */,
				A29323E61F06423E00EA1959 /* Heebo.otf in Resources */,
				3CD5D3671EFD4CEE008007BF /* GoogleService-Info.plist in Resources */,
				A25751661EFD52AD0003E023 /* PFLoginViewController.storyboard in Resources */,
				3CD5D3421EFD47F7008007BF /* Assets.xcassets in Resources */,
				3CD5D33D1EFD47F7008007BF /* Main.storyboard in Resources */,
				A25751691EFD54F90003E023 /* PFProjectsListViewController.storyboard in Resources */,
			);
			runOnlyForDeploymentPostprocessing = 0;
		};
/* End PBXResourcesBuildPhase section */

/* Begin PBXShellScriptBuildPhase section */
		47A08C44A81296FD640DADFE /* [CP] Copy Pods Resources */ = {
			isa = PBXShellScriptBuildPhase;
			buildActionMask = 2147483647;
			files = (
			);
			inputPaths = (
			);
			name = "[CP] Copy Pods Resources";
			outputPaths = (
			);
			runOnlyForDeploymentPostprocessing = 0;
			shellPath = /bin/sh;
			shellScript = "\"${SRCROOT}/Pods/Target Support Files/Pods-TaskTracker/Pods-TaskTracker-resources.sh\"\n";
			showEnvVarsInLog = 0;
		};
		62590AB2E823790A922FE667 /* [CP] Check Pods Manifest.lock */ = {
			isa = PBXShellScriptBuildPhase;
			buildActionMask = 2147483647;
			files = (
			);
			inputPaths = (
			);
			name = "[CP] Check Pods Manifest.lock";
			outputPaths = (
			);
			runOnlyForDeploymentPostprocessing = 0;
			shellPath = /bin/sh;
			shellScript = "diff \"${PODS_PODFILE_DIR_PATH}/Podfile.lock\" \"${PODS_ROOT}/Manifest.lock\" > /dev/null\nif [ $? != 0 ] ; then\n    # print error to STDERR\n    echo \"error: The sandbox is not in sync with the Podfile.lock. Run 'pod install' or update your CocoaPods installation.\" >&2\n    exit 1\nfi\n";
			showEnvVarsInLog = 0;
		};
		DE23F89DD9F71F9D74D47326 /* [CP] Embed Pods Frameworks */ = {
			isa = PBXShellScriptBuildPhase;
			buildActionMask = 2147483647;
			files = (
			);
			inputPaths = (
			);
			name = "[CP] Embed Pods Frameworks";
			outputPaths = (
			);
			runOnlyForDeploymentPostprocessing = 0;
			shellPath = /bin/sh;
			shellScript = "\"${SRCROOT}/Pods/Target Support Files/Pods-TaskTracker/Pods-TaskTracker-frameworks.sh\"\n";
			showEnvVarsInLog = 0;
		};
/* End PBXShellScriptBuildPhase section */

/* Begin PBXSourcesBuildPhase section */
		3CD5D3301EFD47F7008007BF /* Sources */ = {
			isa = PBXSourcesBuildPhase;
			buildActionMask = 2147483647;
			files = (
				A21CAA8D1F0A8B1800BA6FE8 /* PFTaskGroupFirebaseManager.swift in Sources */,
				A2B9DB481F05157700307AAC /* PFTaskGroupModel+CoreDataProperties.swift in Sources */,
				A2B9DB401F05156800307AAC /* PFOwnerModel+CoreDataProperties.swift in Sources */,
				A2B9DB3C1F05156100307AAC /* PFFileModel+CoreDataProperties.swift in Sources */,
				A262CC581F01222700BB7C20 /* PFProjectsListCollectionViewCell.swift in Sources */,
				A2B9DB341F0500E400307AAC /* PFTaskFirebaseManager.swift in Sources */,
				A29323DB1F06233100EA1959 /* PFTaskAdapter.swift in Sources */,
				A2B8EC601F0A387600EFE194 /* UIViewController.swift in Sources */,
				A29323DE1F06259E00EA1959 /* PFTaskModel+Converter.swift in Sources */,
				A2B9DB3F1F05156800307AAC /* PFOwnerModel.swift in Sources */,
				A2B8EC5A1F0A387600EFE194 /* UIApplication.swift in Sources */,
				A2B9DB4B1F05157D00307AAC /* PFTaskModel.swift in Sources */,
				A2B9DB321F0500CA00307AAC /* PFProjectFirebaseManager.swift in Sources */,
				3CD5D3561EFD4995008007BF /* PFUserAdapter.swift in Sources */,
				3CD5D35A1EFD49A1008007BF /* PFAuthAdapter.swift in Sources */,
				A2B9DB4F1F05158200307AAC /* PFUserModel.swift in Sources */,
				3CD5D3611EFD49C5008007BF /* Other Extensions.swift in Sources */,
				A20FAD901F052B2300DC0390 /* PFCoreDataManager.swift in Sources */,
				3CD5D3641EFD49F5008007BF /* TaskTracker.xcdatamodeld in Sources */,
				3CD5D3381EFD47F7008007BF /* AppDelegate.swift in Sources */,
				A2226A9C1F028557005ACC9F /* PFUserFirebaseManager.swift in Sources */,
				A2B9DB3B1F05156100307AAC /* PFFileModel.swift in Sources */,
				A20FAD921F052B2900DC0390 /* PFFileManager.swift in Sources */,
				A2B9DB371F05155900307AAC /* PFCommentModel.swift in Sources */,
				A2B9DB441F05157000307AAC /* PFProjectModel+CoreDataProperties.swift in Sources */,
				A29323E01F06315100EA1959 /* PFCommentFirebaseManager.swift in Sources */,
				A2B9DB501F05158200307AAC /* PFUserModel+CoreDataProperties.swift in Sources */,
				A2B8EC5F1F0A387600EFE194 /* UIView.swift in Sources */,
				3CD5D35D1EFD49A7008007BF /* PFCloudStorageManager.swift in Sources */,
				A2B9DB471F05157700307AAC /* PFTaskGroupModel.swift in Sources */,
				A2B8EC5E1F0A387600EFE194 /* UITableViewExtension.swift in Sources */,
				A2B8EC5C1F0A387600EFE194 /* UIImage.swift in Sources */,
				A2B9DB381F05155900307AAC /* PFCommentModel+CoreDataProperties.swift in Sources */,
				A2B8EC591F0A387600EFE194 /* String.swift in Sources */,
				A2B8EC5B1F0A387600EFE194 /* UIColor.swift in Sources */,
				A2B8EC4D1F0A355E00EFE194 /* PFLeftSlideMenuController.swift in Sources */,
				A2B8EC4F1F0A379900EFE194 /* PFLeftTableViewCell.swift in Sources */,
				A25751631EFD51910003E023 /* PFLoginViewController.swift in Sources */,
				A2B9DB431F05157000307AAC /* PFProjectModel.swift in Sources */,
				3CD5D35F1EFD49BB008007BF /* Constants.swift in Sources */,
				A29323E21F0633E000EA1959 /* PFCommentModel+Converter.swift in Sources */,
				A2B9DB4C1F05157D00307AAC /* PFTaskModel+CoreDataProperties.swift in Sources */,
				A2B8EC5D1F0A387600EFE194 /* UIImageView.swift in Sources */,
				A257516B1EFD55240003E023 /* PFProjectsListViewController.swift in Sources */,
				A2B9DB131F04EDF300307AAC /* PFAuthFirebaseManager.swift in Sources */,
				A2226A9A1F024739005ACC9F /* PFFirebaseManager.swift in Sources */,
			);
			runOnlyForDeploymentPostprocessing = 0;
		};
/* End PBXSourcesBuildPhase section */

/* Begin PBXVariantGroup section */
		3CD5D33B1EFD47F7008007BF /* Main.storyboard */ = {
			isa = PBXVariantGroup;
			children = (
				3CD5D33C1EFD47F7008007BF /* Base */,
			);
			name = Main.storyboard;
			sourceTree = "<group>";
		};
		3CD5D3431EFD47F7008007BF /* LaunchScreen.storyboard */ = {
			isa = PBXVariantGroup;
			children = (
				3CD5D3441EFD47F7008007BF /* Base */,
			);
			name = LaunchScreen.storyboard;
			sourceTree = "<group>";
		};
/* End PBXVariantGroup section */

/* Begin XCBuildConfiguration section */
		3CD5D3471EFD47F7008007BF /* Debug */ = {
			isa = XCBuildConfiguration;
			buildSettings = {
				ALWAYS_SEARCH_USER_PATHS = NO;
				CLANG_ANALYZER_NONNULL = YES;
				CLANG_ANALYZER_NUMBER_OBJECT_CONVERSION = YES_AGGRESSIVE;
				CLANG_CXX_LANGUAGE_STANDARD = "gnu++0x";
				CLANG_CXX_LIBRARY = "libc++";
				CLANG_ENABLE_MODULES = YES;
				CLANG_ENABLE_OBJC_ARC = YES;
				CLANG_WARN_BOOL_CONVERSION = YES;
				CLANG_WARN_CONSTANT_CONVERSION = YES;
				CLANG_WARN_DIRECT_OBJC_ISA_USAGE = YES_ERROR;
				CLANG_WARN_DOCUMENTATION_COMMENTS = YES;
				CLANG_WARN_EMPTY_BODY = YES;
				CLANG_WARN_ENUM_CONVERSION = YES;
				CLANG_WARN_INFINITE_RECURSION = YES;
				CLANG_WARN_INT_CONVERSION = YES;
				CLANG_WARN_OBJC_ROOT_CLASS = YES_ERROR;
				CLANG_WARN_SUSPICIOUS_MOVE = YES;
				CLANG_WARN_UNREACHABLE_CODE = YES;
				CLANG_WARN__DUPLICATE_METHOD_MATCH = YES;
				"CODE_SIGN_IDENTITY[sdk=iphoneos*]" = "iPhone Developer";
				COPY_PHASE_STRIP = NO;
				DEBUG_INFORMATION_FORMAT = dwarf;
				ENABLE_STRICT_OBJC_MSGSEND = YES;
				ENABLE_TESTABILITY = YES;
				GCC_C_LANGUAGE_STANDARD = gnu99;
				GCC_DYNAMIC_NO_PIC = NO;
				GCC_NO_COMMON_BLOCKS = YES;
				GCC_OPTIMIZATION_LEVEL = 0;
				GCC_PREPROCESSOR_DEFINITIONS = (
					"DEBUG=1",
					"$(inherited)",
				);
				GCC_WARN_64_TO_32_BIT_CONVERSION = YES;
				GCC_WARN_ABOUT_RETURN_TYPE = YES_ERROR;
				GCC_WARN_UNDECLARED_SELECTOR = YES;
				GCC_WARN_UNINITIALIZED_AUTOS = YES_AGGRESSIVE;
				GCC_WARN_UNUSED_FUNCTION = YES;
				GCC_WARN_UNUSED_VARIABLE = YES;
				IPHONEOS_DEPLOYMENT_TARGET = 10.3;
				MTL_ENABLE_DEBUG_INFO = YES;
				ONLY_ACTIVE_ARCH = YES;
				SDKROOT = iphoneos;
				SWIFT_ACTIVE_COMPILATION_CONDITIONS = DEBUG;
				SWIFT_OPTIMIZATION_LEVEL = "-Onone";
			};
			name = Debug;
		};
		3CD5D3481EFD47F7008007BF /* Release */ = {
			isa = XCBuildConfiguration;
			buildSettings = {
				ALWAYS_SEARCH_USER_PATHS = NO;
				CLANG_ANALYZER_NONNULL = YES;
				CLANG_ANALYZER_NUMBER_OBJECT_CONVERSION = YES_AGGRESSIVE;
				CLANG_CXX_LANGUAGE_STANDARD = "gnu++0x";
				CLANG_CXX_LIBRARY = "libc++";
				CLANG_ENABLE_MODULES = YES;
				CLANG_ENABLE_OBJC_ARC = YES;
				CLANG_WARN_BOOL_CONVERSION = YES;
				CLANG_WARN_CONSTANT_CONVERSION = YES;
				CLANG_WARN_DIRECT_OBJC_ISA_USAGE = YES_ERROR;
				CLANG_WARN_DOCUMENTATION_COMMENTS = YES;
				CLANG_WARN_EMPTY_BODY = YES;
				CLANG_WARN_ENUM_CONVERSION = YES;
				CLANG_WARN_INFINITE_RECURSION = YES;
				CLANG_WARN_INT_CONVERSION = YES;
				CLANG_WARN_OBJC_ROOT_CLASS = YES_ERROR;
				CLANG_WARN_SUSPICIOUS_MOVE = YES;
				CLANG_WARN_UNREACHABLE_CODE = YES;
				CLANG_WARN__DUPLICATE_METHOD_MATCH = YES;
				"CODE_SIGN_IDENTITY[sdk=iphoneos*]" = "iPhone Developer";
				COPY_PHASE_STRIP = NO;
				DEBUG_INFORMATION_FORMAT = "dwarf-with-dsym";
				ENABLE_NS_ASSERTIONS = NO;
				ENABLE_STRICT_OBJC_MSGSEND = YES;
				GCC_C_LANGUAGE_STANDARD = gnu99;
				GCC_NO_COMMON_BLOCKS = YES;
				GCC_WARN_64_TO_32_BIT_CONVERSION = YES;
				GCC_WARN_ABOUT_RETURN_TYPE = YES_ERROR;
				GCC_WARN_UNDECLARED_SELECTOR = YES;
				GCC_WARN_UNINITIALIZED_AUTOS = YES_AGGRESSIVE;
				GCC_WARN_UNUSED_FUNCTION = YES;
				GCC_WARN_UNUSED_VARIABLE = YES;
				IPHONEOS_DEPLOYMENT_TARGET = 10.3;
				MTL_ENABLE_DEBUG_INFO = NO;
				SDKROOT = iphoneos;
				SWIFT_OPTIMIZATION_LEVEL = "-Owholemodule";
				VALIDATE_PRODUCT = YES;
			};
			name = Release;
		};
		3CD5D34A1EFD47F7008007BF /* Debug */ = {
			isa = XCBuildConfiguration;
			baseConfigurationReference = C1437242EC1604DC57E187A6 /* Pods-TaskTracker.debug.xcconfig */;
			buildSettings = {
				ASSETCATALOG_COMPILER_APPICON_NAME = AppIcon;
				CODE_SIGN_ENTITLEMENTS = TaskTracker/TaskTracker.entitlements;
				"CODE_SIGN_IDENTITY[sdk=iphoneos*]" = "iPhone Developer";
				DEVELOPMENT_TEAM = "";
				INFOPLIST_FILE = TaskTracker/Info.plist;
				LD_RUNPATH_SEARCH_PATHS = "$(inherited) @executable_path/Frameworks";
				PRODUCT_BUNDLE_IDENTIFIER = PF.TaskTracker;
				PRODUCT_NAME = "$(TARGET_NAME)";
				PROVISIONING_PROFILE = "";
				PROVISIONING_PROFILE_SPECIFIER = "";
				SWIFT_VERSION = 3.0;
			};
			name = Debug;
		};
		3CD5D34B1EFD47F7008007BF /* Release */ = {
			isa = XCBuildConfiguration;
			baseConfigurationReference = F11261E8B0D9751043C4CAE1 /* Pods-TaskTracker.release.xcconfig */;
			buildSettings = {
				ASSETCATALOG_COMPILER_APPICON_NAME = AppIcon;
				CODE_SIGN_ENTITLEMENTS = TaskTracker/TaskTracker.entitlements;
				"CODE_SIGN_IDENTITY[sdk=iphoneos*]" = "iPhone Developer";
				DEVELOPMENT_TEAM = "";
				INFOPLIST_FILE = TaskTracker/Info.plist;
				LD_RUNPATH_SEARCH_PATHS = "$(inherited) @executable_path/Frameworks";
				PRODUCT_BUNDLE_IDENTIFIER = PF.TaskTracker;
				PRODUCT_NAME = "$(TARGET_NAME)";
				PROVISIONING_PROFILE = "";
				PROVISIONING_PROFILE_SPECIFIER = "";
				SWIFT_VERSION = 3.0;
			};
			name = Release;
		};
/* End XCBuildConfiguration section */

/* Begin XCConfigurationList section */
		3CD5D32F1EFD47F7008007BF /* Build configuration list for PBXProject "TaskTracker" */ = {
			isa = XCConfigurationList;
			buildConfigurations = (
				3CD5D3471EFD47F7008007BF /* Debug */,
				3CD5D3481EFD47F7008007BF /* Release */,
			);
			defaultConfigurationIsVisible = 0;
			defaultConfigurationName = Release;
		};
		3CD5D3491EFD47F7008007BF /* Build configuration list for PBXNativeTarget "TaskTracker" */ = {
			isa = XCConfigurationList;
			buildConfigurations = (
				3CD5D34A1EFD47F7008007BF /* Debug */,
				3CD5D34B1EFD47F7008007BF /* Release */,
			);
			defaultConfigurationIsVisible = 0;
			defaultConfigurationName = Release;
		};
/* End XCConfigurationList section */

/* Begin XCVersionGroup section */
		3CD5D3621EFD49F5008007BF /* TaskTracker.xcdatamodeld */ = {
			isa = XCVersionGroup;
			children = (
				3CD5D3631EFD49F5008007BF /* TaskTracker.xcdatamodel */,
			);
			currentVersion = 3CD5D3631EFD49F5008007BF /* TaskTracker.xcdatamodel */;
			name = TaskTracker.xcdatamodeld;
			path = Models/TaskTracker.xcdatamodeld;
			sourceTree = "<group>";
			versionGroupType = wrapper.xcdatamodel;
		};
/* End XCVersionGroup section */
	};
	rootObject = 3CD5D32C1EFD47F7008007BF /* Project object */;
}
